PODS:
  - DACircularProgress (2.3.1)
  - MBProgressHUD (1.1.0)
  - MWPhotoBrowser (2.1.5):
    - DACircularProgress (~> 2.3.1)
    - MBProgressHUD (~> 1.1.0)
    - SDWebImage (~> 5.0.2)
  - SDWebImage (5.0.2):
    - SDWebImage/Core (= 5.0.2)
  - SDWebImage/Core (5.0.2)

DEPENDENCIES:
  - MWPhotoBrowser (from `../`)

SPEC REPOS:
  https://github.com/cocoapods/specs.git:
    - DACircularProgress
    - MBProgressHUD
    - SDWebImage

EXTERNAL SOURCES:
  MWPhotoBrowser:
    :path: "../"

SPEC CHECKSUMS:
  DACircularProgress: 4dd437c0fc3da5161cb289e07ac449493d41db71
  MBProgressHUD: e7baa36a220447d8aeb12769bf0585582f3866d9
  MWPhotoBrowser: 7eb1deb6c2f2c28b1edccf393de450ab9797a987
  SDWebImage: 6764b5fa0f73c203728052955dbefa2bf1f33282

PODFILE CHECKSUM: 33ba1da2404d893298ae7f4b7d97e39975e3f94c

COCOAPODS: 1.6.0
